
Microsoft Visual Studio Solution File, Format Version 12.00
# Visual Studio 15
Project("{FAE04EC0-301F-11D3-BF4B-00C04F79EFBC}") = "Assembly-CSharp", "Assembly-CSharp.csproj", "{BBD736D2-D860-1856-856F-69FD288D3F39}"
EndProject
Project("{FAE04EC0-301F-11D3-BF4B-00C04F79EFBC}") = "NavMeshComponents", "NavMeshComponents.csproj", "{4C6776CF-3EF8-2885-23D1-F9D8B91FFB50}"
EndProject
Project("{FAE04EC0-301F-11D3-BF4B-00C04F79EFBC}") = "NavMeshComponentsEditor", "NavMeshComponentsEditor.csproj", "{A163F6B5-A5C0-BE74-D761-F1E73A6E0DEE}"
EndProject
Global
	GlobalSection(SolutionConfigurationPlatforms) = preSolution
		Debug|Any CPU = Debug|Any CPU
		Release|Any CPU = Release|Any CPU
	EndGlobalSection
	GlobalSection(ProjectConfigurationPlatforms) = postSolution
		{BBD736D2-D860-1856-856F-69FD288D3F39}.Debug|Any CPU.ActiveCfg = Debug|Any CPU
		{BBD736D2-D860-1856-856F-69FD288D3F39}.Debug|Any CPU.Build.0 = Debug|Any CPU
		{BBD736D2-D860-1856-856F-69FD288D3F39}.Release|Any CPU.ActiveCfg = Release|Any CPU
		{BBD736D2-D860-1856-856F-69FD288D3F39}.Release|Any CPU.Build.0 = Release|Any CPU
		{4C6776CF-3EF8-2885-23D1-F9D8B91FFB50}.Debug|Any CPU.ActiveCfg = Debug|Any CPU
		{4C6776CF-3EF8-2885-23D1-F9D8B91FFB50}.Debug|Any CPU.Build.0 = Debug|Any CPU
		{4C6776CF-3EF8-2885-23D1-F9D8B91FFB50}.Release|Any CPU.ActiveCfg = Release|Any CPU
		{4C6776CF-3EF8-2885-23D1-F9D8B91FFB50}.Release|Any CPU.Build.0 = Release|Any CPU
		{A163F6B5-A5C0-BE74-D761-F1E73A6E0DEE}.Debug|Any CPU.ActiveCfg = Debug|Any CPU
		{A163F6B5-A5C0-BE74-D761-F1E73A6E0DEE}.Debug|Any CPU.Build.0 = Debug|Any CPU
		{A163F6B5-A5C0-BE74-D761-F1E73A6E0DEE}.Release|Any CPU.ActiveCfg = Release|Any CPU
		{A163F6B5-A5C0-BE74-D761-F1E73A6E0DEE}.Release|Any CPU.Build.0 = Release|Any CPU
	EndGlobalSection
	GlobalSection(SolutionProperties) = preSolution
		HideSolutionNode = FALSE
	EndGlobalSection
EndGlobal
